PODS:
  - AudioKit (4.9):
    - AudioKit/Core (= 4.9)
    - AudioKit/UI (= 4.9)
  - AudioKit/Core (4.9)
  - AudioKit/UI (4.9):
    - AudioKit/Core
  - CocoaLumberjack (3.5.3):
    - CocoaLumberjack/Core (= 3.5.3)
  - CocoaLumberjack/Core (3.5.3)
  - SVGKit (2.1.1):
    - CocoaLumberjack (~> 3.0)

DEPENDENCIES:
  - AudioKit
  - SVGKit

SPEC REPOS:
  trunk:
    - AudioKit
    - CocoaLumberjack
    - SVGKit

SPEC CHECKSUMS:
  AudioKit: fb68dd1f3c77b9e714eaf5bb320d55e00e68427a
  CocoaLumberjack: 2f44e60eb91c176d471fdba43b9e3eae6a721947
  SVGKit: 652cdf7bef8bec8564d04a8511d3ab50c7595fac

PODFILE CHECKSUM: e9f14fe1e33dbe328ba66e1704c6277a300963b0

COCOAPODS: 1.8.1
