// !$*UTF8*$!
{
	archiveVersion = 1;
	classes = {
	};
	objectVersion = 50;
	objects = {

/* Begin PBXBuildFile section */
		2A885E6BBB2DDAD8D3CFA49F /* Pods_guitarTuner.framework in Frameworks */ = {isa = PBXBuildFile; fileRef = 1E8DEAC7CC3ABC449088B71D /* Pods_guitarTuner.framework */; };
		5AB489CD6E93F64CBBF2343B /* Pods_guitarTunerUITests.framework in Frameworks */ = {isa = PBXBuildFile; fileRef = A93CAC1CD406C051FC0FD1AF /* Pods_guitarTunerUITests.framework */; };
		7822C0EC2257027B00361EC5 /* AppDelegate.swift in Sources */ = {isa = PBXBuildFile; fileRef = 7822C0EB2257027B00361EC5 /* AppDelegate.swift */; };
		7822C0EE2257027B00361EC5 /* ViewController.swift in Sources */ = {isa = PBXBuildFile; fileRef = 7822C0ED2257027B00361EC5 /* ViewController.swift */; };
		7822C0F12257027B00361EC5 /* Main.storyboard in Resources */ = {isa = PBXBuildFile; fileRef = 7822C0EF2257027B00361EC5 /* Main.storyboard */; };
		7822C0F32257027C00361EC5 /* Assets.xcassets in Resources */ = {isa = PBXBuildFile; fileRef = 7822C0F22257027C00361EC5 /* Assets.xcassets */; };
		7822C0F62257027C00361EC5 /* LaunchScreen.storyboard in Resources */ = {isa = PBXBuildFile; fileRef = 7822C0F42257027C00361EC5 /* LaunchScreen.storyboard */; };
		7822C1012257027C00361EC5 /* guitarTunerTests.swift in Sources */ = {isa = PBXBuildFile; fileRef = 7822C1002257027C00361EC5 /* guitarTunerTests.swift */; };
		7822C10C2257027C00361EC5 /* guitarTunerUITests.swift in Sources */ = {isa = PBXBuildFile; fileRef = 7822C10B2257027C00361EC5 /* guitarTunerUITests.swift */; };
		783C81CE22C24757004FEB7E /* SettingViewController.swift in Sources */ = {isa = PBXBuildFile; fileRef = 783C81CD22C24757004FEB7E /* SettingViewController.swift */; };
		786C8C8A2272C6AF00591D69 /* TunerUI.swift in Sources */ = {isa = PBXBuildFile; fileRef = 786C8C892272C6AF00591D69 /* TunerUI.swift */; };
		78702629225B591700E32781 /* tuner.swift in Sources */ = {isa = PBXBuildFile; fileRef = 78702628225B591700E32781 /* tuner.swift */; };
		78E1743122B23A2E003C4E85 /* ヒラギノ明朝 ProN.ttc in Resources */ = {isa = PBXBuildFile; fileRef = 78E1743022B23A2E003C4E85 /* ヒラギノ明朝 ProN.ttc */; };
		78E57F9822A0D6C0004EADE0 /* TunerArrowUI.swift in Sources */ = {isa = PBXBuildFile; fileRef = 78E57F9722A0D6BF004EADE0 /* TunerArrowUI.swift */; };
		78E63EF62266C97900D882CA /* Pitch.swift in Sources */ = {isa = PBXBuildFile; fileRef = 78E63EF52266C97900D882CA /* Pitch.swift */; };
		78E773E6225DFD85006C8C4B /* Note.swift in Sources */ = {isa = PBXBuildFile; fileRef = 78E773E5225DFD85006C8C4B /* Note.swift */; };
		78E81C0D22C215470066FE27 /* Font Awesome 5 Free-Solid-900.otf in Resources */ = {isa = PBXBuildFile; fileRef = 78E81C0C22C215470066FE27 /* Font Awesome 5 Free-Solid-900.otf */; };
		78ED274322D313AD009BB1B7 /* Font Awesome 5 Free-Regular-400.otf in Resources */ = {isa = PBXBuildFile; fileRef = 78ED274222D313AD009BB1B7 /* Font Awesome 5 Free-Regular-400.otf */; };
		8C678ED7584719A971684B49 /* Pods_guitarTunerTests.framework in Frameworks */ = {isa = PBXBuildFile; fileRef = 85612D780DD8D9A9EFFA54EC /* Pods_guitarTunerTests.framework */; };
/* End PBXBuildFile section */

/* Begin PBXContainerItemProxy section */
		7822C0FD2257027C00361EC5 /* PBXContainerItemProxy */ = {
			isa = PBXContainerItemProxy;
			containerPortal = 7822C0E02257027B00361EC5 /* Project object */;
			proxyType = 1;
			remoteGlobalIDString = 7822C0E72257027B00361EC5;
			remoteInfo = guitarTuner;
		};
		7822C1082257027C00361EC5 /* PBXContainerItemProxy */ = {
			isa = PBXContainerItemProxy;
			containerPortal = 7822C0E02257027B00361EC5 /* Project object */;
			proxyType = 1;
			remoteGlobalIDString = 7822C0E72257027B00361EC5;
			remoteInfo = guitarTuner;
		};
/* End PBXContainerItemProxy section */

/* Begin PBXFileReference section */
		1E8DEAC7CC3ABC449088B71D /* Pods_guitarTuner.framework */ = {isa = PBXFileReference; explicitFileType = wrapper.framework; includeInIndex = 0; path = Pods_guitarTuner.framework; sourceTree = BUILT_PRODUCTS_DIR; };
		2EB5619603E9C2E6290695EB /* Pods-guitarTunerUITests.debug.xcconfig */ = {isa = PBXFileReference; includeInIndex = 1; lastKnownFileType = text.xcconfig; name = "Pods-guitarTunerUITests.debug.xcconfig"; path = "Pods/Target Support Files/Pods-guitarTunerUITests/Pods-guitarTunerUITests.debug.xcconfig"; sourceTree = "<group>"; };
		467535DACE0ADF3C5230F824 /* Pods-guitarTuner.release.xcconfig */ = {isa = PBXFileReference; includeInIndex = 1; lastKnownFileType = text.xcconfig; name = "Pods-guitarTuner.release.xcconfig"; path = "Pods/Target Support Files/Pods-guitarTuner/Pods-guitarTuner.release.xcconfig"; sourceTree = "<group>"; };
		6CDF654ED7F132C84964616B /* Pods-guitarTunerUITests.release.xcconfig */ = {isa = PBXFileReference; includeInIndex = 1; lastKnownFileType = text.xcconfig; name = "Pods-guitarTunerUITests.release.xcconfig"; path = "Pods/Target Support Files/Pods-guitarTunerUITests/Pods-guitarTunerUITests.release.xcconfig"; sourceTree = "<group>"; };
		7822C0E82257027B00361EC5 /* guitarTuner.app */ = {isa = PBXFileReference; explicitFileType = wrapper.application; includeInIndex = 0; path = guitarTuner.app; sourceTree = BUILT_PRODUCTS_DIR; };
		7822C0EB2257027B00361EC5 /* AppDelegate.swift */ = {isa = PBXFileReference; lastKnownFileType = sourcecode.swift; path = AppDelegate.swift; sourceTree = "<group>"; };
		7822C0ED2257027B00361EC5 /* ViewController.swift */ = {isa = PBXFileReference; lastKnownFileType = sourcecode.swift; path = ViewController.swift; sourceTree = "<group>"; };
		7822C0F02257027B00361EC5 /* Base */ = {isa = PBXFileReference; lastKnownFileType = file.storyboard; name = Base; path = Base.lproj/Main.storyboard; sourceTree = "<group>"; };
		7822C0F22257027C00361EC5 /* Assets.xcassets */ = {isa = PBXFileReference; lastKnownFileType = folder.assetcatalog; path = Assets.xcassets; sourceTree = "<group>"; };
		7822C0F52257027C00361EC5 /* Base */ = {isa = PBXFileReference; lastKnownFileType = file.storyboard; name = Base; path = Base.lproj/LaunchScreen.storyboard; sourceTree = "<group>"; };
		7822C0F72257027C00361EC5 /* Info.plist */ = {isa = PBXFileReference; lastKnownFileType = text.plist.xml; path = Info.plist; sourceTree = "<group>"; };
		7822C0FC2257027C00361EC5 /* guitarTunerTests.xctest */ = {isa = PBXFileReference; explicitFileType = wrapper.cfbundle; includeInIndex = 0; path = guitarTunerTests.xctest; sourceTree = BUILT_PRODUCTS_DIR; };
		7822C1002257027C00361EC5 /* guitarTunerTests.swift */ = {isa = PBXFileReference; lastKnownFileType = sourcecode.swift; path = guitarTunerTests.swift; sourceTree = "<group>"; };
		7822C1022257027C00361EC5 /* Info.plist */ = {isa = PBXFileReference; lastKnownFileType = text.plist.xml; path = Info.plist; sourceTree = "<group>"; };
		7822C1072257027C00361EC5 /* guitarTunerUITests.xctest */ = {isa = PBXFileReference; explicitFileType = wrapper.cfbundle; includeInIndex = 0; path = guitarTunerUITests.xctest; sourceTree = BUILT_PRODUCTS_DIR; };
		7822C10B2257027C00361EC5 /* guitarTunerUITests.swift */ = {isa = PBXFileReference; lastKnownFileType = sourcecode.swift; path = guitarTunerUITests.swift; sourceTree = "<group>"; };
		7822C10D2257027C00361EC5 /* Info.plist */ = {isa = PBXFileReference; lastKnownFileType = text.plist.xml; path = Info.plist; sourceTree = "<group>"; };
		783C81CD22C24757004FEB7E /* SettingViewController.swift */ = {isa = PBXFileReference; lastKnownFileType = sourcecode.swift; path = SettingViewController.swift; sourceTree = "<group>"; };
		786C8C892272C6AF00591D69 /* TunerUI.swift */ = {isa = PBXFileReference; lastKnownFileType = sourcecode.swift; path = TunerUI.swift; sourceTree = "<group>"; };
		78702628225B591700E32781 /* tuner.swift */ = {isa = PBXFileReference; lastKnownFileType = sourcecode.swift; path = tuner.swift; sourceTree = "<group>"; };
		78E1743022B23A2E003C4E85 /* ヒラギノ明朝 ProN.ttc */ = {isa = PBXFileReference; lastKnownFileType = file; path = "ヒラギノ明朝 ProN.ttc"; sourceTree = "<group>"; };
		78E57F9722A0D6BF004EADE0 /* TunerArrowUI.swift */ = {isa = PBXFileReference; lastKnownFileType = sourcecode.swift; path = TunerArrowUI.swift; sourceTree = "<group>"; };
		78E63EF52266C97900D882CA /* Pitch.swift */ = {isa = PBXFileReference; lastKnownFileType = sourcecode.swift; path = Pitch.swift; sourceTree = "<group>"; };
		78E773E5225DFD85006C8C4B /* Note.swift */ = {isa = PBXFileReference; lastKnownFileType = sourcecode.swift; path = Note.swift; sourceTree = "<group>"; };
		78E81C0C22C215470066FE27 /* Font Awesome 5 Free-Solid-900.otf */ = {isa = PBXFileReference; lastKnownFileType = file; path = "Font Awesome 5 Free-Solid-900.otf"; sourceTree = "<group>"; };
		78ED274222D313AD009BB1B7 /* Font Awesome 5 Free-Regular-400.otf */ = {isa = PBXFileReference; lastKnownFileType = file; path = "Font Awesome 5 Free-Regular-400.otf"; sourceTree = "<group>"; };
		85612D780DD8D9A9EFFA54EC /* Pods_guitarTunerTests.framework */ = {isa = PBXFileReference; explicitFileType = wrapper.framework; includeInIndex = 0; path = Pods_guitarTunerTests.framework; sourceTree = BUILT_PRODUCTS_DIR; };
		A93CAC1CD406C051FC0FD1AF /* Pods_guitarTunerUITests.framework */ = {isa = PBXFileReference; explicitFileType = wrapper.framework; includeInIndex = 0; path = Pods_guitarTunerUITests.framework; sourceTree = BUILT_PRODUCTS_DIR; };
		AFCEE302DE0C18940DD3ED3B /* Pods-guitarTunerTests.release.xcconfig */ = {isa = PBXFileReference; includeInIndex = 1; lastKnownFileType = text.xcconfig; name = "Pods-guitarTunerTests.release.xcconfig"; path = "Pods/Target Support Files/Pods-guitarTunerTests/Pods-guitarTunerTests.release.xcconfig"; sourceTree = "<group>"; };
		B5B808787E48FFCD523A573F /* Pods-guitarTunerTests.debug.xcconfig */ = {isa = PBXFileReference; includeInIndex = 1; lastKnownFileType = text.xcconfig; name = "Pods-guitarTunerTests.debug.xcconfig"; path = "Pods/Target Support Files/Pods-guitarTunerTests/Pods-guitarTunerTests.debug.xcconfig"; sourceTree = "<group>"; };
		FBFBD4281BDA613D3BBF9027 /* Pods-guitarTuner.debug.xcconfig */ = {isa = PBXFileReference; includeInIndex = 1; lastKnownFileType = text.xcconfig; name = "Pods-guitarTuner.debug.xcconfig"; path = "Pods/Target Support Files/Pods-guitarTuner/Pods-guitarTuner.debug.xcconfig"; sourceTree = "<group>"; };
/* End PBXFileReference section */

/* Begin PBXFrameworksBuildPhase section */
		7822C0E52257027B00361EC5 /* Frameworks */ = {
			isa = PBXFrameworksBuildPhase;
			buildActionMask = 2147483647;
			files = (
				2A885E6BBB2DDAD8D3CFA49F /* Pods_guitarTuner.framework in Frameworks */,
			);
			runOnlyForDeploymentPostprocessing = 0;
		};
		7822C0F92257027C00361EC5 /* Frameworks */ = {
			isa = PBXFrameworksBuildPhase;
			buildActionMask = 2147483647;
			files = (
				8C678ED7584719A971684B49 /* Pods_guitarTunerTests.framework in Frameworks */,
			);
			runOnlyForDeploymentPostprocessing = 0;
		};
		7822C1042257027C00361EC5 /* Frameworks */ = {
			isa = PBXFrameworksBuildPhase;
			buildActionMask = 2147483647;
			files = (
				5AB489CD6E93F64CBBF2343B /* Pods_guitarTunerUITests.framework in Frameworks */,
			);
			runOnlyForDeploymentPostprocessing = 0;
		};
/* End PBXFrameworksBuildPhase section */

/* Begin PBXGroup section */
		7822C0DF2257027B00361EC5 = {
			isa = PBXGroup;
			children = (
				7822C0EA2257027B00361EC5 /* guitarTuner */,
				7822C0FF2257027C00361EC5 /* guitarTunerTests */,
				7822C10A2257027C00361EC5 /* guitarTunerUITests */,
				7822C0E92257027B00361EC5 /* Products */,
				93B12D79495DB638591C1FC5 /* Pods */,
				9458D9EA9F9923268F06273E /* Frameworks */,
			);
			sourceTree = "<group>";
		};
		7822C0E92257027B00361EC5 /* Products */ = {
			isa = PBXGroup;
			children = (
				7822C0E82257027B00361EC5 /* guitarTuner.app */,
				7822C0FC2257027C00361EC5 /* guitarTunerTests.xctest */,
				7822C1072257027C00361EC5 /* guitarTunerUITests.xctest */,
			);
			name = Products;
			sourceTree = "<group>";
		};
		7822C0EA2257027B00361EC5 /* guitarTuner */ = {
			isa = PBXGroup;
			children = (
				78E1743022B23A2E003C4E85 /* ヒラギノ明朝 ProN.ttc */,
				7822C0EB2257027B00361EC5 /* AppDelegate.swift */,
				7822C0ED2257027B00361EC5 /* ViewController.swift */,
				78702628225B591700E32781 /* tuner.swift */,
				78E773E5225DFD85006C8C4B /* Note.swift */,
				78E81C0C22C215470066FE27 /* Font Awesome 5 Free-Solid-900.otf */,
				78ED274222D313AD009BB1B7 /* Font Awesome 5 Free-Regular-400.otf */,
				78E63EF52266C97900D882CA /* Pitch.swift */,
				786C8C892272C6AF00591D69 /* TunerUI.swift */,
				78E57F9722A0D6BF004EADE0 /* TunerArrowUI.swift */,
				7822C0EF2257027B00361EC5 /* Main.storyboard */,
				7822C0F22257027C00361EC5 /* Assets.xcassets */,
				7822C0F42257027C00361EC5 /* LaunchScreen.storyboard */,
				7822C0F72257027C00361EC5 /* Info.plist */,
				783C81CD22C24757004FEB7E /* SettingViewController.swift */,
			);
			path = guitarTuner;
			sourceTree = "<group>";
		};
		7822C0FF2257027C00361EC5 /* guitarTunerTests */ = {
			isa = PBXGroup;
			children = (
				7822C1002257027C00361EC5 /* guitarTunerTests.swift */,
				7822C1022257027C00361EC5 /* Info.plist */,
			);
			path = guitarTunerTests;
			sourceTree = "<group>";
		};
		7822C10A2257027C00361EC5 /* guitarTunerUITests */ = {
			isa = PBXGroup;
			children = (
				7822C10B2257027C00361EC5 /* guitarTunerUITests.swift */,
				7822C10D2257027C00361EC5 /* Info.plist */,
			);
			path = guitarTunerUITests;
			sourceTree = "<group>";
		};
		93B12D79495DB638591C1FC5 /* Pods */ = {
			isa = PBXGroup;
			children = (
				FBFBD4281BDA613D3BBF9027 /* Pods-guitarTuner.debug.xcconfig */,
				467535DACE0ADF3C5230F824 /* Pods-guitarTuner.release.xcconfig */,
				B5B808787E48FFCD523A573F /* Pods-guitarTunerTests.debug.xcconfig */,
				AFCEE302DE0C18940DD3ED3B /* Pods-guitarTunerTests.release.xcconfig */,
				2EB5619603E9C2E6290695EB /* Pods-guitarTunerUITests.debug.xcconfig */,
				6CDF654ED7F132C84964616B /* Pods-guitarTunerUITests.release.xcconfig */,
			);
			name = Pods;
			sourceTree = "<group>";
		};
		9458D9EA9F9923268F06273E /* Frameworks */ = {
			isa = PBXGroup;
			children = (
				1E8DEAC7CC3ABC449088B71D /* Pods_guitarTuner.framework */,
				85612D780DD8D9A9EFFA54EC /* Pods_guitarTunerTests.framework */,
				A93CAC1CD406C051FC0FD1AF /* Pods_guitarTunerUITests.framework */,
			);
			name = Frameworks;
			sourceTree = "<group>";
		};
/* End PBXGroup section */

/* Begin PBXNativeTarget section */
		7822C0E72257027B00361EC5 /* guitarTuner */ = {
			isa = PBXNativeTarget;
			buildConfigurationList = 7822C1102257027C00361EC5 /* Build configuration list for PBXNativeTarget "guitarTuner" */;
			buildPhases = (
				396722576371912109162D4D /* [CP] Check Pods Manifest.lock */,
				7822C0E42257027B00361EC5 /* Sources */,
				7822C0E52257027B00361EC5 /* Frameworks */,
				7822C0E62257027B00361EC5 /* Resources */,
				D0C365FF57CCA3CA58E839B4 /* [CP] Embed Pods Frameworks */,
			);
			buildRules = (
			);
			dependencies = (
			);
			name = guitarTuner;
			productName = guitarTuner;
			productReference = 7822C0E82257027B00361EC5 /* guitarTuner.app */;
			productType = "com.apple.product-type.application";
		};
		7822C0FB2257027C00361EC5 /* guitarTunerTests */ = {
			isa = PBXNativeTarget;
			buildConfigurationList = 7822C1132257027C00361EC5 /* Build configuration list for PBXNativeTarget "guitarTunerTests" */;
			buildPhases = (
				1604259F7FB99BA984583003 /* [CP] Check Pods Manifest.lock */,
				7822C0F82257027C00361EC5 /* Sources */,
				7822C0F92257027C00361EC5 /* Frameworks */,
				7822C0FA2257027C00361EC5 /* Resources */,
			);
			buildRules = (
			);
			dependencies = (
				7822C0FE2257027C00361EC5 /* PBXTargetDependency */,
			);
			name = guitarTunerTests;
			productName = guitarTunerTests;
			productReference = 7822C0FC2257027C00361EC5 /* guitarTunerTests.xctest */;
			productType = "com.apple.product-type.bundle.unit-test";
		};
		7822C1062257027C00361EC5 /* guitarTunerUITests */ = {
			isa = PBXNativeTarget;
			buildConfigurationList = 7822C1162257027C00361EC5 /* Build configuration list for PBXNativeTarget "guitarTunerUITests" */;
			buildPhases = (
				810323B27284A0D97A9A4840 /* [CP] Check Pods Manifest.lock */,
				7822C1032257027C00361EC5 /* Sources */,
				7822C1042257027C00361EC5 /* Frameworks */,
				7822C1052257027C00361EC5 /* Resources */,
			);
			buildRules = (
			);
			dependencies = (
				7822C1092257027C00361EC5 /* PBXTargetDependency */,
			);
			name = guitarTunerUITests;
			productName = guitarTunerUITests;
			productReference = 7822C1072257027C00361EC5 /* guitarTunerUITests.xctest */;
			productType = "com.apple.product-type.bundle.ui-testing";
		};
/* End PBXNativeTarget section */

/* Begin PBXProject section */
		7822C0E02257027B00361EC5 /* Project object */ = {
			isa = PBXProject;
			attributes = {
				LastSwiftUpdateCheck = 1010;
				LastUpgradeCheck = 1010;
				ORGANIZATIONNAME = "大谷悦志";
				TargetAttributes = {
					7822C0E72257027B00361EC5 = {
						CreatedOnToolsVersion = 10.1;
					};
					7822C0FB2257027C00361EC5 = {
						CreatedOnToolsVersion = 10.1;
						TestTargetID = 7822C0E72257027B00361EC5;
					};
					7822C1062257027C00361EC5 = {
						CreatedOnToolsVersion = 10.1;
						TestTargetID = 7822C0E72257027B00361EC5;
					};
				};
			};
			buildConfigurationList = 7822C0E32257027B00361EC5 /* Build configuration list for PBXProject "guitarTuner" */;
			compatibilityVersion = "Xcode 9.3";
			developmentRegion = en;
			hasScannedForEncodings = 0;
			knownRegions = (
				en,
				Base,
			);
			mainGroup = 7822C0DF2257027B00361EC5;
			productRefGroup = 7822C0E92257027B00361EC5 /* Products */;
			projectDirPath = "";
			projectRoot = "";
			targets = (
				7822C0E72257027B00361EC5 /* guitarTuner */,
				7822C0FB2257027C00361EC5 /* guitarTunerTests */,
				7822C1062257027C00361EC5 /* guitarTunerUITests */,
			);
		};
/* End PBXProject section */

/* Begin PBXResourcesBuildPhase section */
		7822C0E62257027B00361EC5 /* Resources */ = {
			isa = PBXResourcesBuildPhase;
			buildActionMask = 2147483647;
			files = (
				7822C0F62257027C00361EC5 /* LaunchScreen.storyboard in Resources */,
				78ED274322D313AD009BB1B7 /* Font Awesome 5 Free-Regular-400.otf in Resources */,
				7822C0F32257027C00361EC5 /* Assets.xcassets in Resources */,
				78E1743122B23A2E003C4E85 /* ヒラギノ明朝 ProN.ttc in Resources */,
				7822C0F12257027B00361EC5 /* Main.storyboard in Resources */,
				78E81C0D22C215470066FE27 /* Font Awesome 5 Free-Solid-900.otf in Resources */,
			);
			runOnlyForDeploymentPostprocessing = 0;
		};
		7822C0FA2257027C00361EC5 /* Resources */ = {
			isa = PBXResourcesBuildPhase;
			buildActionMask = 2147483647;
			files = (
			);
			runOnlyForDeploymentPostprocessing = 0;
		};
		7822C1052257027C00361EC5 /* Resources */ = {
			isa = PBXResourcesBuildPhase;
			buildActionMask = 2147483647;
			files = (
			);
			runOnlyForDeploymentPostprocessing = 0;
		};
/* End PBXResourcesBuildPhase section */

/* Begin PBXShellScriptBuildPhase section */
		1604259F7FB99BA984583003 /* [CP] Check Pods Manifest.lock */ = {
			isa = PBXShellScriptBuildPhase;
			buildActionMask = 2147483647;
			files = (
			);
			inputFileListPaths = (
			);
			inputPaths = (
				"${PODS_PODFILE_DIR_PATH}/Podfile.lock",
				"${PODS_ROOT}/Manifest.lock",
			);
			name = "[CP] Check Pods Manifest.lock";
			outputFileListPaths = (
			);
			outputPaths = (
				"$(DERIVED_FILE_DIR)/Pods-guitarTunerTests-checkManifestLockResult.txt",
			);
			runOnlyForDeploymentPostprocessing = 0;
			shellPath = /bin/sh;
			shellScript = "diff \"${PODS_PODFILE_DIR_PATH}/Podfile.lock\" \"${PODS_ROOT}/Manifest.lock\" > /dev/null\nif [ $? != 0 ] ; then\n    # print error to STDERR\n    echo \"error: The sandbox is not in sync with the Podfile.lock. Run 'pod install' or update your CocoaPods installation.\" >&2\n    exit 1\nfi\n# This output is used by Xcode 'outputs' to avoid re-running this script phase.\necho \"SUCCESS\" > \"${SCRIPT_OUTPUT_FILE_0}\"\n";
			showEnvVarsInLog = 0;
		};
		396722576371912109162D4D /* [CP] Check Pods Manifest.lock */ = {
			isa = PBXShellScriptBuildPhase;
			buildActionMask = 2147483647;
			files = (
			);
			inputFileListPaths = (
			);
			inputPaths = (
				"${PODS_PODFILE_DIR_PATH}/Podfile.lock",
				"${PODS_ROOT}/Manifest.lock",
			);
			name = "[CP] Check Pods Manifest.lock";
			outputFileListPaths = (
			);
			outputPaths = (
				"$(DERIVED_FILE_DIR)/Pods-guitarTuner-checkManifestLockResult.txt",
			);
			runOnlyForDeploymentPostprocessing = 0;
			shellPath = /bin/sh;
			shellScript = "diff \"${PODS_PODFILE_DIR_PATH}/Podfile.lock\" \"${PODS_ROOT}/Manifest.lock\" > /dev/null\nif [ $? != 0 ] ; then\n    # print error to STDERR\n    echo \"error: The sandbox is not in sync with the Podfile.lock. Run 'pod install' or update your CocoaPods installation.\" >&2\n    exit 1\nfi\n# This output is used by Xcode 'outputs' to avoid re-running this script phase.\necho \"SUCCESS\" > \"${SCRIPT_OUTPUT_FILE_0}\"\n";
			showEnvVarsInLog = 0;
		};
		810323B27284A0D97A9A4840 /* [CP] Check Pods Manifest.lock */ = {
			isa = PBXShellScriptBuildPhase;
			buildActionMask = 2147483647;
			files = (
			);
			inputFileListPaths = (
			);
			inputPaths = (
				"${PODS_PODFILE_DIR_PATH}/Podfile.lock",
				"${PODS_ROOT}/Manifest.lock",
			);
			name = "[CP] Check Pods Manifest.lock";
			outputFileListPaths = (
			);
			outputPaths = (
				"$(DERIVED_FILE_DIR)/Pods-guitarTunerUITests-checkManifestLockResult.txt",
			);
			runOnlyForDeploymentPostprocessing = 0;
			shellPath = /bin/sh;
			shellScript = "diff \"${PODS_PODFILE_DIR_PATH}/Podfile.lock\" \"${PODS_ROOT}/Manifest.lock\" > /dev/null\nif [ $? != 0 ] ; then\n    # print error to STDERR\n    echo \"error: The sandbox is not in sync with the Podfile.lock. Run 'pod install' or update your CocoaPods installation.\" >&2\n    exit 1\nfi\n# This output is used by Xcode 'outputs' to avoid re-running this script phase.\necho \"SUCCESS\" > \"${SCRIPT_OUTPUT_FILE_0}\"\n";
			showEnvVarsInLog = 0;
		};
		D0C365FF57CCA3CA58E839B4 /* [CP] Embed Pods Frameworks */ = {
			isa = PBXShellScriptBuildPhase;
			buildActionMask = 2147483647;
			files = (
			);
			inputFileListPaths = (
			);
			inputPaths = (
				"${SRCROOT}/Pods/Target Support Files/Pods-guitarTuner/Pods-guitarTuner-frameworks.sh",
				"${BUILT_PRODUCTS_DIR}/FontAwesome.swift/FontAwesome_swift.framework",
			);
			name = "[CP] Embed Pods Frameworks";
			outputFileListPaths = (
			);
			outputPaths = (
				"${TARGET_BUILD_DIR}/${FRAMEWORKS_FOLDER_PATH}/FontAwesome_swift.framework",
			);
			runOnlyForDeploymentPostprocessing = 0;
			shellPath = /bin/sh;
			shellScript = "\"${SRCROOT}/Pods/Target Support Files/Pods-guitarTuner/Pods-guitarTuner-frameworks.sh\"\n";
			showEnvVarsInLog = 0;
		};
/* End PBXShellScriptBuildPhase section */

/* Begin PBXSourcesBuildPhase section */
		7822C0E42257027B00361EC5 /* Sources */ = {
			isa = PBXSourcesBuildPhase;
			buildActionMask = 2147483647;
			files = (
				7822C0EE2257027B00361EC5 /* ViewController.swift in Sources */,
				78702629225B591700E32781 /* tuner.swift in Sources */,
				78E57F9822A0D6C0004EADE0 /* TunerArrowUI.swift in Sources */,
				783C81CE22C24757004FEB7E /* SettingViewController.swift in Sources */,
				786C8C8A2272C6AF00591D69 /* TunerUI.swift in Sources */,
				7822C0EC2257027B00361EC5 /* AppDelegate.swift in Sources */,
				78E773E6225DFD85006C8C4B /* Note.swift in Sources */,
				78E63EF62266C97900D882CA /* Pitch.swift in Sources */,
			);
			runOnlyForDeploymentPostprocessing = 0;
		};
		7822C0F82257027C00361EC5 /* Sources */ = {
			isa = PBXSourcesBuildPhase;
			buildActionMask = 2147483647;
			files = (
				7822C1012257027C00361EC5 /* guitarTunerTests.swift in Sources */,
			);
			runOnlyForDeploymentPostprocessing = 0;
		};
		7822C1032257027C00361EC5 /* Sources */ = {
			isa = PBXSourcesBuildPhase;
			buildActionMask = 2147483647;
			files = (
				7822C10C2257027C00361EC5 /* guitarTunerUITests.swift in Sources */,
			);
			runOnlyForDeploymentPostprocessing = 0;
		};
/* End PBXSourcesBuildPhase section */

/* Begin PBXTargetDependency section */
		7822C0FE2257027C00361EC5 /* PBXTargetDependency */ = {
			isa = PBXTargetDependency;
			target = 7822C0E72257027B00361EC5 /* guitarTuner */;
			targetProxy = 7822C0FD2257027C00361EC5 /* PBXContainerItemProxy */;
		};
		7822C1092257027C00361EC5 /* PBXTargetDependency */ = {
			isa = PBXTargetDependency;
			target = 7822C0E72257027B00361EC5 /* guitarTuner */;
			targetProxy = 7822C1082257027C00361EC5 /* PBXContainerItemProxy */;
		};
/* End PBXTargetDependency section */

/* Begin PBXVariantGroup section */
		7822C0EF2257027B00361EC5 /* Main.storyboard */ = {
			isa = PBXVariantGroup;
			children = (
				7822C0F02257027B00361EC5 /* Base */,
			);
			name = Main.storyboard;
			sourceTree = "<group>";
		};
		7822C0F42257027C00361EC5 /* LaunchScreen.storyboard */ = {
			isa = PBXVariantGroup;
			children = (
				7822C0F52257027C00361EC5 /* Base */,
			);
			name = LaunchScreen.storyboard;
			sourceTree = "<group>";
		};
/* End PBXVariantGroup section */

/* Begin XCBuildConfiguration section */
		7822C10E2257027C00361EC5 /* Debug */ = {
			isa = XCBuildConfiguration;
			buildSettings = {
				ALWAYS_SEARCH_USER_PATHS = NO;
				CLANG_ANALYZER_NONNULL = YES;
				CLANG_ANALYZER_NUMBER_OBJECT_CONVERSION = YES_AGGRESSIVE;
				CLANG_CXX_LANGUAGE_STANDARD = "gnu++14";
				CLANG_CXX_LIBRARY = "libc++";
				CLANG_ENABLE_MODULES = YES;
				CLANG_ENABLE_OBJC_ARC = YES;
				CLANG_ENABLE_OBJC_WEAK = YES;
				CLANG_WARN_BLOCK_CAPTURE_AUTORELEASING = YES;
				CLANG_WARN_BOOL_CONVERSION = YES;
				CLANG_WARN_COMMA = YES;
				CLANG_WARN_CONSTANT_CONVERSION = YES;
				CLANG_WARN_DEPRECATED_OBJC_IMPLEMENTATIONS = YES;
				CLANG_WARN_DIRECT_OBJC_ISA_USAGE = YES_ERROR;
				CLANG_WARN_DOCUMENTATION_COMMENTS = YES;
				CLANG_WARN_EMPTY_BODY = YES;
				CLANG_WARN_ENUM_CONVERSION = YES;
				CLANG_WARN_INFINITE_RECURSION = YES;
				CLANG_WARN_INT_CONVERSION = YES;
				CLANG_WARN_NON_LITERAL_NULL_CONVERSION = YES;
				CLANG_WARN_OBJC_IMPLICIT_RETAIN_SELF = YES;
				CLANG_WARN_OBJC_LITERAL_CONVERSION = YES;
				CLANG_WARN_OBJC_ROOT_CLASS = YES_ERROR;
				CLANG_WARN_RANGE_LOOP_ANALYSIS = YES;
				CLANG_WARN_STRICT_PROTOTYPES = YES;
				CLANG_WARN_SUSPICIOUS_MOVE = YES;
				CLANG_WARN_UNGUARDED_AVAILABILITY = YES_AGGRESSIVE;
				CLANG_WARN_UNREACHABLE_CODE = YES;
				CLANG_WARN__DUPLICATE_METHOD_MATCH = YES;
				CODE_SIGN_IDENTITY = "iPhone Developer";
				COPY_PHASE_STRIP = NO;
				DEBUG_INFORMATION_FORMAT = dwarf;
				ENABLE_STRICT_OBJC_MSGSEND = YES;
				ENABLE_TESTABILITY = YES;
				GCC_C_LANGUAGE_STANDARD = gnu11;
				GCC_DYNAMIC_NO_PIC = NO;
				GCC_NO_COMMON_BLOCKS = YES;
				GCC_OPTIMIZATION_LEVEL = 0;
				GCC_PREPROCESSOR_DEFINITIONS = (
					"DEBUG=1",
					"$(inherited)",
				);
				GCC_WARN_64_TO_32_BIT_CONVERSION = YES;
				GCC_WARN_ABOUT_RETURN_TYPE = YES_ERROR;
				GCC_WARN_UNDECLARED_SELECTOR = YES;
				GCC_WARN_UNINITIALIZED_AUTOS = YES_AGGRESSIVE;
				GCC_WARN_UNUSED_FUNCTION = YES;
				GCC_WARN_UNUSED_VARIABLE = YES;
				IPHONEOS_DEPLOYMENT_TARGET = 12.1;
				MTL_ENABLE_DEBUG_INFO = INCLUDE_SOURCE;
				MTL_FAST_MATH = YES;
				ONLY_ACTIVE_ARCH = YES;
				SDKROOT = iphoneos;
				SWIFT_ACTIVE_COMPILATION_CONDITIONS = DEBUG;
				SWIFT_OPTIMIZATION_LEVEL = "-Onone";
			};
			name = Debug;
		};
		7822C10F2257027C00361EC5 /* Release */ = {
			isa = XCBuildConfiguration;
			buildSettings = {
				ALWAYS_SEARCH_USER_PATHS = NO;
				CLANG_ANALYZER_NONNULL = YES;
				CLANG_ANALYZER_NUMBER_OBJECT_CONVERSION = YES_AGGRESSIVE;
				CLANG_CXX_LANGUAGE_STANDARD = "gnu++14";
				CLANG_CXX_LIBRARY = "libc++";
				CLANG_ENABLE_MODULES = YES;
				CLANG_ENABLE_OBJC_ARC = YES;
				CLANG_ENABLE_OBJC_WEAK = YES;
				CLANG_WARN_BLOCK_CAPTURE_AUTORELEASING = YES;
				CLANG_WARN_BOOL_CONVERSION = YES;
				CLANG_WARN_COMMA = YES;
				CLANG_WARN_CONSTANT_CONVERSION = YES;
				CLANG_WARN_DEPRECATED_OBJC_IMPLEMENTATIONS = YES;
				CLANG_WARN_DIRECT_OBJC_ISA_USAGE = YES_ERROR;
				CLANG_WARN_DOCUMENTATION_COMMENTS = YES;
				CLANG_WARN_EMPTY_BODY = YES;
				CLANG_WARN_ENUM_CONVERSION = YES;
				CLANG_WARN_INFINITE_RECURSION = YES;
				CLANG_WARN_INT_CONVERSION = YES;
				CLANG_WARN_NON_LITERAL_NULL_CONVERSION = YES;
				CLANG_WARN_OBJC_IMPLICIT_RETAIN_SELF = YES;
				CLANG_WARN_OBJC_LITERAL_CONVERSION = YES;
				CLANG_WARN_OBJC_ROOT_CLASS = YES_ERROR;
				CLANG_WARN_RANGE_LOOP_ANALYSIS = YES;
				CLANG_WARN_STRICT_PROTOTYPES = YES;
				CLANG_WARN_SUSPICIOUS_MOVE = YES;
				CLANG_WARN_UNGUARDED_AVAILABILITY = YES_AGGRESSIVE;
				CLANG_WARN_UNREACHABLE_CODE = YES;
				CLANG_WARN__DUPLICATE_METHOD_MATCH = YES;
				CODE_SIGN_IDENTITY = "iPhone Developer";
				COPY_PHASE_STRIP = NO;
				DEBUG_INFORMATION_FORMAT = "dwarf-with-dsym";
				ENABLE_NS_ASSERTIONS = NO;
				ENABLE_STRICT_OBJC_MSGSEND = YES;
				GCC_C_LANGUAGE_STANDARD = gnu11;
				GCC_NO_COMMON_BLOCKS = YES;
				GCC_WARN_64_TO_32_BIT_CONVERSION = YES;
				GCC_WARN_ABOUT_RETURN_TYPE = YES_ERROR;
				GCC_WARN_UNDECLARED_SELECTOR = YES;
				GCC_WARN_UNINITIALIZED_AUTOS = YES_AGGRESSIVE;
				GCC_WARN_UNUSED_FUNCTION = YES;
				GCC_WARN_UNUSED_VARIABLE = YES;
				IPHONEOS_DEPLOYMENT_TARGET = 12.1;
				MTL_ENABLE_DEBUG_INFO = NO;
				MTL_FAST_MATH = YES;
				SDKROOT = iphoneos;
				SWIFT_COMPILATION_MODE = wholemodule;
				SWIFT_OPTIMIZATION_LEVEL = "-O";
				VALIDATE_PRODUCT = YES;
			};
			name = Release;
		};
		7822C1112257027C00361EC5 /* Debug */ = {
			isa = XCBuildConfiguration;
			baseConfigurationReference = FBFBD4281BDA613D3BBF9027 /* Pods-guitarTuner.debug.xcconfig */;
			buildSettings = {
				ASSETCATALOG_COMPILER_APPICON_NAME = AppIcon;
				CODE_SIGN_STYLE = Automatic;
				DEVELOPMENT_TEAM = 7Z2485239Z;
				INFOPLIST_FILE = guitarTuner/Info.plist;
				LD_RUNPATH_SEARCH_PATHS = (
					"$(inherited)",
					"@executable_path/Frameworks",
				);
				PRODUCT_BUNDLE_IDENTIFIER = "jp.ne.ezweb.estushidesu-no.guitarTuner";
				PRODUCT_NAME = "$(TARGET_NAME)";
				SWIFT_VERSION = 4.2;
				TARGETED_DEVICE_FAMILY = "1,2";
			};
			name = Debug;
		};
		7822C1122257027C00361EC5 /* Release */ = {
			isa = XCBuildConfiguration;
			baseConfigurationReference = 467535DACE0ADF3C5230F824 /* Pods-guitarTuner.release.xcconfig */;
			buildSettings = {
				ASSETCATALOG_COMPILER_APPICON_NAME = AppIcon;
				CODE_SIGN_STYLE = Automatic;
				DEVELOPMENT_TEAM = 7Z2485239Z;
				INFOPLIST_FILE = guitarTuner/Info.plist;
				LD_RUNPATH_SEARCH_PATHS = (
					"$(inherited)",
					"@executable_path/Frameworks",
				);
				PRODUCT_BUNDLE_IDENTIFIER = "jp.ne.ezweb.estushidesu-no.guitarTuner";
				PRODUCT_NAME = "$(TARGET_NAME)";
				SWIFT_VERSION = 4.2;
				TARGETED_DEVICE_FAMILY = "1,2";
			};
			name = Release;
		};
		7822C1142257027C00361EC5 /* Debug */ = {
			isa = XCBuildConfiguration;
			baseConfigurationReference = B5B808787E48FFCD523A573F /* Pods-guitarTunerTests.debug.xcconfig */;
			buildSettings = {
				ALWAYS_EMBED_SWIFT_STANDARD_LIBRARIES = YES;
				BUNDLE_LOADER = "$(TEST_HOST)";
				CODE_SIGN_STYLE = Automatic;
				DEVELOPMENT_TEAM = 7Z2485239Z;
				INFOPLIST_FILE = guitarTunerTests/Info.plist;
				LD_RUNPATH_SEARCH_PATHS = (
					"$(inherited)",
					"@executable_path/Frameworks",
					"@loader_path/Frameworks",
				);
				PRODUCT_BUNDLE_IDENTIFIER = "jp.ne.ezweb.estushidesu-no.guitarTunerTests";
				PRODUCT_NAME = "$(TARGET_NAME)";
				SWIFT_VERSION = 4.2;
				TARGETED_DEVICE_FAMILY = "1,2";
				TEST_HOST = "$(BUILT_PRODUCTS_DIR)/guitarTuner.app/guitarTuner";
			};
			name = Debug;
		};
		7822C1152257027C00361EC5 /* Release */ = {
			isa = XCBuildConfiguration;
			baseConfigurationReference = AFCEE302DE0C18940DD3ED3B /* Pods-guitarTunerTests.release.xcconfig */;
			buildSettings = {
				ALWAYS_EMBED_SWIFT_STANDARD_LIBRARIES = YES;
				BUNDLE_LOADER = "$(TEST_HOST)";
				CODE_SIGN_STYLE = Automatic;
				DEVELOPMENT_TEAM = 7Z2485239Z;
				INFOPLIST_FILE = guitarTunerTests/Info.plist;
				LD_RUNPATH_SEARCH_PATHS = (
					"$(inherited)",
					"@executable_path/Frameworks",
					"@loader_path/Frameworks",
				);
				PRODUCT_BUNDLE_IDENTIFIER = "jp.ne.ezweb.estushidesu-no.guitarTunerTests";
				PRODUCT_NAME = "$(TARGET_NAME)";
				SWIFT_VERSION = 4.2;
				TARGETED_DEVICE_FAMILY = "1,2";
				TEST_HOST = "$(BUILT_PRODUCTS_DIR)/guitarTuner.app/guitarTuner";
			};
			name = Release;
		};
		7822C1172257027C00361EC5 /* Debug */ = {
			isa = XCBuildConfiguration;
			baseConfigurationReference = 2EB5619603E9C2E6290695EB /* Pods-guitarTunerUITests.debug.xcconfig */;
			buildSettings = {
				ALWAYS_EMBED_SWIFT_STANDARD_LIBRARIES = YES;
				CODE_SIGN_STYLE = Automatic;
				DEVELOPMENT_TEAM = 7Z2485239Z;
				INFOPLIST_FILE = guitarTunerUITests/Info.plist;
				LD_RUNPATH_SEARCH_PATHS = (
					"$(inherited)",
					"@executable_path/Frameworks",
					"@loader_path/Frameworks",
				);
				PRODUCT_BUNDLE_IDENTIFIER = "jp.ne.ezweb.estushidesu-no.guitarTunerUITests";
				PRODUCT_NAME = "$(TARGET_NAME)";
				SWIFT_VERSION = 4.2;
				TARGETED_DEVICE_FAMILY = "1,2";
				TEST_TARGET_NAME = guitarTuner;
			};
			name = Debug;
		};
		7822C1182257027C00361EC5 /* Release */ = {
			isa = XCBuildConfiguration;
			baseConfigurationReference = 6CDF654ED7F132C84964616B /* Pods-guitarTunerUITests.release.xcconfig */;
			buildSettings = {
				ALWAYS_EMBED_SWIFT_STANDARD_LIBRARIES = YES;
				CODE_SIGN_STYLE = Automatic;
				DEVELOPMENT_TEAM = 7Z2485239Z;
				INFOPLIST_FILE = guitarTunerUITests/Info.plist;
				LD_RUNPATH_SEARCH_PATHS = (
					"$(inherited)",
					"@executable_path/Frameworks",
					"@loader_path/Frameworks",
				);
				PRODUCT_BUNDLE_IDENTIFIER = "jp.ne.ezweb.estushidesu-no.guitarTunerUITests";
				PRODUCT_NAME = "$(TARGET_NAME)";
				SWIFT_VERSION = 4.2;
				TARGETED_DEVICE_FAMILY = "1,2";
				TEST_TARGET_NAME = guitarTuner;
			};
			name = Release;
		};
/* End XCBuildConfiguration section */

/* Begin XCConfigurationList section */
		7822C0E32257027B00361EC5 /* Build configuration list for PBXProject "guitarTuner" */ = {
			isa = XCConfigurationList;
			buildConfigurations = (
				7822C10E2257027C00361EC5 /* Debug */,
				7822C10F2257027C00361EC5 /* Release */,
			);
			defaultConfigurationIsVisible = 0;
			defaultConfigurationName = Release;
		};
		7822C1102257027C00361EC5 /* Build configuration list for PBXNativeTarget "guitarTuner" */ = {
			isa = XCConfigurationList;
			buildConfigurations = (
				7822C1112257027C00361EC5 /* Debug */,
				7822C1122257027C00361EC5 /* Release */,
			);
			defaultConfigurationIsVisible = 0;
			defaultConfigurationName = Release;
		};
		7822C1132257027C00361EC5 /* Build configuration list for PBXNativeTarget "guitarTunerTests" */ = {
			isa = XCConfigurationList;
			buildConfigurations = (
				7822C1142257027C00361EC5 /* Debug */,
				7822C1152257027C00361EC5 /* Release */,
			);
			defaultConfigurationIsVisible = 0;
			defaultConfigurationName = Release;
		};
		7822C1162257027C00361EC5 /* Build configuration list for PBXNativeTarget "guitarTunerUITests" */ = {
			isa = XCConfigurationList;
			buildConfigurations = (
				7822C1172257027C00361EC5 /* Debug */,
				7822C1182257027C00361EC5 /* Release */,
			);
			defaultConfigurationIsVisible = 0;
			defaultConfigurationName = Release;
		};
/* End XCConfigurationList section */
	};
	rootObject = 7822C0E02257027B00361EC5 /* Project object */;
}
